
Microsoft Visual Studio Solution File, Format Version 12.00
# Visual Studio 14
VisualStudioVersion = 14.0.25123.0
MinimumVisualStudioVersion = 10.0.40219.1
Project("{FAE04EC0-301F-11D3-BF4B-00C04F79EFBC}") = "prgArticulos", "prgArticulos\prgArticulos.csproj", "{25788063-DBB2-4467-B112-102F86A721C8}"
EndProject
Project("{FAE04EC0-301F-11D3-BF4B-00C04F79EFBC}") = "Modelo", "clsConexionSQL\Modelo.csproj", "{517CD2B6-23A6-4F8C-90D2-7DF9FC6AE520}"
EndProject
Project("{FAE04EC0-301F-11D3-BF4B-00C04F79EFBC}") = "Controlador", "Controlador\Controlador.csproj", "{CE129F9A-0D17-4D3E-BFA5-3AA2FE44A2A7}"
EndProject
Global
	GlobalSection(SolutionConfigurationPlatforms) = preSolution
		Debug|Any CPU = Debug|Any CPU
		Release|Any CPU = Release|Any CPU
	EndGlobalSection
	GlobalSection(ProjectConfigurationPlatforms) = postSolution
		{25788063-DBB2-4467-B112-102F86A721C8}.Debug|Any CPU.ActiveCfg = Debug|Any CPU
		{25788063-DBB2-4467-B112-102F86A721C8}.Debug|Any CPU.Build.0 = Debug|Any CPU
		{25788063-DBB2-4467-B112-102F86A721C8}.Release|Any CPU.ActiveCfg = Release|Any CPU
		{25788063-DBB2-4467-B112-102F86A721C8}.Release|Any CPU.Build.0 = Release|Any CPU
		{517CD2B6-23A6-4F8C-90D2-7DF9FC6AE520}.Debug|Any CPU.ActiveCfg = Debug|Any CPU
		{517CD2B6-23A6-4F8C-90D2-7DF9FC6AE520}.Debug|Any CPU.Build.0 = Debug|Any CPU
		{517CD2B6-23A6-4F8C-90D2-7DF9FC6AE520}.Release|Any CPU.ActiveCfg = Release|Any CPU
		{517CD2B6-23A6-4F8C-90D2-7DF9FC6AE520}.Release|Any CPU.Build.0 = Release|Any CPU
		{CE129F9A-0D17-4D3E-BFA5-3AA2FE44A2A7}.Debug|Any CPU.ActiveCfg = Debug|Any CPU
		{CE129F9A-0D17-4D3E-BFA5-3AA2FE44A2A7}.Debug|Any CPU.Build.0 = Debug|Any CPU
		{CE129F9A-0D17-4D3E-BFA5-3AA2FE44A2A7}.Release|Any CPU.ActiveCfg = Release|Any CPU
		{CE129F9A-0D17-4D3E-BFA5-3AA2FE44A2A7}.Release|Any CPU.Build.0 = Release|Any CPU
	EndGlobalSection
	GlobalSection(SolutionProperties) = preSolution
		HideSolutionNode = FALSE
	EndGlobalSection
EndGlobal
